{
  "requires": true,
  "lockfileVersion": 1,
  "dependencies": {
    "alert": {
      "version": "5.1.1",
      "resolved": "https://registry.npmjs.org/alert/-/alert-5.1.1.tgz",
      "integrity": "sha512-ewGBn8yvZGGEIEY+P7syG4GYPlFtZMEhgnt0Xo5ldJNGPA6PNw9x3/Ng3tKHAcySbWn8ymaA6YMoVkVn0HwzCQ==",
      "requires": {
        "is-program-installed": "2.3.4"
      }
    },
    "dotenv": {
      "version": "16.0.3",
      "resolved": "https://registry.npmjs.org/dotenv/-/dotenv-16.0.3.tgz",
      "integrity": "sha512-7GO6HghkA5fYG9TYnNxi14/7K9f5occMlp3zXAuSxn7CKCxt9xbNWG7yF8hTCSUchlfWSe3uLmlPfigevRItzQ=="
    },
    "is-program-installed": {
      "version": "2.3.4",
      "resolved": "https://registry.npmjs.org/is-program-installed/-/is-program-installed-2.3.4.tgz",
      "integrity": "sha512-b4e65BxUsiLkoFSOu8RAca7Rz7rPvnbw0u0lS431BFyI37C4lM6F+OjQ5DNODMakjKfcoOY9aeaPqXgFoezhsg=="
    },
    "playwright": {
      "version": "1.27.1",
      "resolved": "https://registry.npmjs.org/playwright/-/playwright-1.27.1.tgz",
      "integrity": "sha512-xXYZ7m36yTtC+oFgqH0eTgullGztKSRMb4yuwLPl8IYSmgBM88QiB+3IWb1mRIC9/NNwcgbG0RwtFlg+EAFQHQ==",
      "requires": {
        "playwright-core": "1.27.1"
      }
    },
    "playwright-core": {
      "version": "1.27.1",
      "resolved": "https://registry.npmjs.org/playwright-core/-/playwright-core-1.27.1.tgz",
      "integrity": "sha512-9EmeXDncC2Pmp/z+teoVYlvmPWUC6ejSSYZUln7YaP89Z6lpAaiaAnqroUt/BoLo8tn7WYShcfaCh+xofZa44Q=="
    }
  }
}
